
Microsoft Visual Studio Solution File, Format Version 12.00
# Visual Studio Version 17
VisualStudioVersion = 17.11.35118.90
MinimumVisualStudioVersion = 10.0.40219.1
Project("{9A19103F-16F7-4668-BE54-9A1E7A4F7556}") = "Protfolio", "Protfolio\Protfolio.csproj", "{4A63D2E5-12DC-4CEB-94D9-7FAF8094F32A}"
EndProject
Project("{9A19103F-16F7-4668-BE54-9A1E7A4F7556}") = "Protfolio.Client", "Protfolio.Client\Protfolio.Client.csproj", "{67B50596-DD32-451E-A18E-4CA95848F1C7}"
EndProject
Global
	GlobalSection(SolutionConfigurationPlatforms) = preSolution
		Debug|Any CPU = Debug|Any CPU
		Release|Any CPU = Release|Any CPU
	EndGlobalSection
	GlobalSection(ProjectConfigurationPlatforms) = postSolution
		{4A63D2E5-12DC-4CEB-94D9-7FAF8094F32A}.Debug|Any CPU.ActiveCfg = Debug|Any CPU
		{4A63D2E5-12DC-4CEB-94D9-7FAF8094F32A}.Debug|Any CPU.Build.0 = Debug|Any CPU
		{4A63D2E5-12DC-4CEB-94D9-7FAF8094F32A}.Release|Any CPU.ActiveCfg = Release|Any CPU
		{4A63D2E5-12DC-4CEB-94D9-7FAF8094F32A}.Release|Any CPU.Build.0 = Release|Any CPU
		{67B50596-DD32-451E-A18E-4CA95848F1C7}.Debug|Any CPU.ActiveCfg = Debug|Any CPU
		{67B50596-DD32-451E-A18E-4CA95848F1C7}.Debug|Any CPU.Build.0 = Debug|Any CPU
		{67B50596-DD32-451E-A18E-4CA95848F1C7}.Release|Any CPU.ActiveCfg = Release|Any CPU
		{67B50596-DD32-451E-A18E-4CA95848F1C7}.Release|Any CPU.Build.0 = Release|Any CPU
	EndGlobalSection
	GlobalSection(SolutionProperties) = preSolution
		HideSolutionNode = FALSE
	EndGlobalSection
	GlobalSection(ExtensibilityGlobals) = postSolution
		SolutionGuid = {FB8B1253-03A2-42E0-B742-8DEE2561F324}
	EndGlobalSection
EndGlobal
